// !$*UTF8*$!
{
	archiveVersion = 1;
	classes = {
	};
	objectVersion = 55;
	objects = {

/* Begin PBXBuildFile section */
		C3046F3728882B2800D7A844 /* MovieList.swift in Sources */ = {isa = PBXBuildFile; fileRef = C3046F3628882B2800D7A844 /* MovieList.swift */; };
		C3677CD72886FFCB00D348E3 /* AppDelegate.swift in Sources */ = {isa = PBXBuildFile; fileRef = C3677CD62886FFCB00D348E3 /* AppDelegate.swift */; };
		C3677CD92886FFCB00D348E3 /* SceneDelegate.swift in Sources */ = {isa = PBXBuildFile; fileRef = C3677CD82886FFCB00D348E3 /* SceneDelegate.swift */; };
		C3677CDB2886FFCB00D348E3 /* ViewController.swift in Sources */ = {isa = PBXBuildFile; fileRef = C3677CDA2886FFCB00D348E3 /* ViewController.swift */; };
		C3677CDE2886FFCB00D348E3 /* Main.storyboard in Resources */ = {isa = PBXBuildFile; fileRef = C3677CDC2886FFCB00D348E3 /* Main.storyboard */; };
		C3677CE02886FFCC00D348E3 /* Assets.xcassets in Resources */ = {isa = PBXBuildFile; fileRef = C3677CDF2886FFCC00D348E3 /* Assets.xcassets */; };
		C3677CE32886FFCC00D348E3 /* LaunchScreen.storyboard in Resources */ = {isa = PBXBuildFile; fileRef = C3677CE12886FFCC00D348E3 /* LaunchScreen.storyboard */; };
		C3677CEB2887028300D348E3 /* MovieTableViewCell.swift in Sources */ = {isa = PBXBuildFile; fileRef = C3677CEA2887028300D348E3 /* MovieTableViewCell.swift */; };
		C3677CED288702F400D348E3 /* MovieTableViewController.swift in Sources */ = {isa = PBXBuildFile; fileRef = C3677CEC288702F400D348E3 /* MovieTableViewController.swift */; };
/* End PBXBuildFile section */

/* Begin PBXFileReference section */
		C3046F3628882B2800D7A844 /* MovieList.swift */ = {isa = PBXFileReference; lastKnownFileType = sourcecode.swift; path = MovieList.swift; sourceTree = SOURCE_ROOT; };
		C3677CD32886FFCB00D348E3 /* SearchMedia.app */ = {isa = PBXFileReference; explicitFileType = wrapper.application; includeInIndex = 0; path = SearchMedia.app; sourceTree = BUILT_PRODUCTS_DIR; };
		C3677CD62886FFCB00D348E3 /* AppDelegate.swift */ = {isa = PBXFileReference; lastKnownFileType = sourcecode.swift; path = AppDelegate.swift; sourceTree = "<group>"; };
		C3677CD82886FFCB00D348E3 /* SceneDelegate.swift */ = {isa = PBXFileReference; lastKnownFileType = sourcecode.swift; path = SceneDelegate.swift; sourceTree = "<group>"; };
		C3677CDA2886FFCB00D348E3 /* ViewController.swift */ = {isa = PBXFileReference; lastKnownFileType = sourcecode.swift; path = ViewController.swift; sourceTree = "<group>"; };
		C3677CDD2886FFCB00D348E3 /* Base */ = {isa = PBXFileReference; lastKnownFileType = file.storyboard; name = Base; path = Base.lproj/Main.storyboard; sourceTree = "<group>"; };
		C3677CDF2886FFCC00D348E3 /* Assets.xcassets */ = {isa = PBXFileReference; lastKnownFileType = folder.assetcatalog; path = Assets.xcassets; sourceTree = "<group>"; };
		C3677CE22886FFCC00D348E3 /* Base */ = {isa = PBXFileReference; lastKnownFileType = file.storyboard; name = Base; path = Base.lproj/LaunchScreen.storyboard; sourceTree = "<group>"; };
		C3677CE42886FFCC00D348E3 /* Info.plist */ = {isa = PBXFileReference; lastKnownFileType = text.plist.xml; path = Info.plist; sourceTree = "<group>"; };
		C3677CEA2887028300D348E3 /* MovieTableViewCell.swift */ = {isa = PBXFileReference; lastKnownFileType = sourcecode.swift; path = MovieTableViewCell.swift; sourceTree = "<group>"; };
		C3677CEC288702F400D348E3 /* MovieTableViewController.swift */ = {isa = PBXFileReference; lastKnownFileType = sourcecode.swift; path = MovieTableViewController.swift; sourceTree = "<group>"; };
/* End PBXFileReference section */

/* Begin PBXFrameworksBuildPhase section */
		C3677CD02886FFCB00D348E3 /* Frameworks */ = {
			isa = PBXFrameworksBuildPhase;
			buildActionMask = 2147483647;
			files = (
			);
			runOnlyForDeploymentPostprocessing = 0;
		};
/* End PBXFrameworksBuildPhase section */

/* Begin PBXGroup section */
		C3046F3528882B0E00D7A844 /* Movie */ = {
			isa = PBXGroup;
			children = (
				C3046F3628882B2800D7A844 /* MovieList.swift */,
				C3677CEA2887028300D348E3 /* MovieTableViewCell.swift */,
				C3677CEC288702F400D348E3 /* MovieTableViewController.swift */,
			);
			path = Movie;
			sourceTree = "<group>";
		};
		C3677CCA2886FFCB00D348E3 = {
			isa = PBXGroup;
			children = (
				C3677CD52886FFCB00D348E3 /* SearchMedia */,
				C3677CD42886FFCB00D348E3 /* Products */,
			);
			sourceTree = "<group>";
		};
		C3677CD42886FFCB00D348E3 /* Products */ = {
			isa = PBXGroup;
			children = (
				C3677CD32886FFCB00D348E3 /* SearchMedia.app */,
			);
			name = Products;
			sourceTree = "<group>";
		};
		C3677CD52886FFCB00D348E3 /* SearchMedia */ = {
			isa = PBXGroup;
			children = (
				C3677CD62886FFCB00D348E3 /* AppDelegate.swift */,
				C3677CD82886FFCB00D348E3 /* SceneDelegate.swift */,
				C3677CDA2886FFCB00D348E3 /* ViewController.swift */,
				C3677CDC2886FFCB00D348E3 /* Main.storyboard */,
				C3046F3528882B0E00D7A844 /* Movie */,
				C3677CDF2886FFCC00D348E3 /* Assets.xcassets */,
				C3677CE12886FFCC00D348E3 /* LaunchScreen.storyboard */,
				C3677CE42886FFCC00D348E3 /* Info.plist */,
			);
			path = SearchMedia;
			sourceTree = "<group>";
		};
/* End PBXGroup section */

/* Begin PBXNativeTarget section */
		C3677CD22886FFCB00D348E3 /* SearchMedia */ = {
			isa = PBXNativeTarget;
			buildConfigurationList = C3677CE72886FFCC00D348E3 /* Build configuration list for PBXNativeTarget "SearchMedia" */;
			buildPhases = (
				C3677CCF2886FFCB00D348E3 /* Sources */,
				C3677CD02886FFCB00D348E3 /* Frameworks */,
				C3677CD12886FFCB00D348E3 /* Resources */,
			);
			buildRules = (
			);
			dependencies = (
			);
			name = SearchMedia;
			productName = SearchMedia;
			productReference = C3677CD32886FFCB00D348E3 /* SearchMedia.app */;
			productType = "com.apple.product-type.application";
		};
/* End PBXNativeTarget section */

/* Begin PBXProject section */
		C3677CCB2886FFCB00D348E3 /* Project object */ = {
			isa = PBXProject;
			attributes = {
				BuildIndependentTargetsInParallel = 1;
				LastSwiftUpdateCheck = 1340;
				LastUpgradeCheck = 1340;
				TargetAttributes = {
					C3677CD22886FFCB00D348E3 = {
						CreatedOnToolsVersion = 13.4.1;
					};
				};
			};
			buildConfigurationList = C3677CCE2886FFCB00D348E3 /* Build configuration list for PBXProject "SearchMedia" */;
			compatibilityVersion = "Xcode 13.0";
			developmentRegion = en;
			hasScannedForEncodings = 0;
			knownRegions = (
				en,
				Base,
			);
			mainGroup = C3677CCA2886FFCB00D348E3;
			productRefGroup = C3677CD42886FFCB00D348E3 /* Products */;
			projectDirPath = "";
			projectRoot = "";
			targets = (
				C3677CD22886FFCB00D348E3 /* SearchMedia */,
			);
		};
/* End PBXProject section */

/* Begin PBXResourcesBuildPhase section */
		C3677CD12886FFCB00D348E3 /* Resources */ = {
			isa = PBXResourcesBuildPhase;
			buildActionMask = 2147483647;
			files = (
				C3677CE32886FFCC00D348E3 /* LaunchScreen.storyboard in Resources */,
				C3677CE02886FFCC00D348E3 /* Assets.xcassets in Resources */,
				C3677CDE2886FFCB00D348E3 /* Main.storyboard in Resources */,
			);
			runOnlyForDeploymentPostprocessing = 0;
		};
/* End PBXResourcesBuildPhase section */

/* Begin PBXSourcesBuildPhase section */
		C3677CCF2886FFCB00D348E3 /* Sources */ = {
			isa = PBXSourcesBuildPhase;
			buildActionMask = 2147483647;
			files = (
				C3046F3728882B2800D7A844 /* MovieList.swift in Sources */,
				C3677CED288702F400D348E3 /* MovieTableViewController.swift in Sources */,
				C3677CDB2886FFCB00D348E3 /* ViewController.swift in Sources */,
				C3677CD72886FFCB00D348E3 /* AppDelegate.swift in Sources */,
				C3677CEB2887028300D348E3 /* MovieTableViewCell.swift in Sources */,
				C3677CD92886FFCB00D348E3 /* SceneDelegate.swift in Sources */,
			);
			runOnlyForDeploymentPostprocessing = 0;
		};
/* End PBXSourcesBuildPhase section */

/* Begin PBXVariantGroup section */
		C3677CDC2886FFCB00D348E3 /* Main.storyboard */ = {
			isa = PBXVariantGroup;
			children = (
				C3677CDD2886FFCB00D348E3 /* Base */,
			);
			name = Main.storyboard;
			sourceTree = "<group>";
		};
		C3677CE12886FFCC00D348E3 /* LaunchScreen.storyboard */ = {
			isa = PBXVariantGroup;
			children = (
				C3677CE22886FFCC00D348E3 /* Base */,
			);
			name = LaunchScreen.storyboard;
			sourceTree = "<group>";
		};
/* End PBXVariantGroup section */

/* Begin XCBuildConfiguration section */
		C3677CE52886FFCC00D348E3 /* Debug */ = {
			isa = XCBuildConfiguration;
			buildSettings = {
				ALWAYS_SEARCH_USER_PATHS = NO;
				CLANG_ANALYZER_NONNULL = YES;
				CLANG_ANALYZER_NUMBER_OBJECT_CONVERSION = YES_AGGRESSIVE;
				CLANG_CXX_LANGUAGE_STANDARD = "gnu++17";
				CLANG_ENABLE_MODULES = YES;
				CLANG_ENABLE_OBJC_ARC = YES;
				CLANG_ENABLE_OBJC_WEAK = YES;
				CLANG_WARN_BLOCK_CAPTURE_AUTORELEASING = YES;
				CLANG_WARN_BOOL_CONVERSION = YES;
				CLANG_WARN_COMMA = YES;
				CLANG_WARN_CONSTANT_CONVERSION = YES;
				CLANG_WARN_DEPRECATED_OBJC_IMPLEMENTATIONS = YES;
				CLANG_WARN_DIRECT_OBJC_ISA_USAGE = YES_ERROR;
				CLANG_WARN_DOCUMENTATION_COMMENTS = YES;
				CLANG_WARN_EMPTY_BODY = YES;
				CLANG_WARN_ENUM_CONVERSION = YES;
				CLANG_WARN_INFINITE_RECURSION = YES;
				CLANG_WARN_INT_CONVERSION = YES;
				CLANG_WARN_NON_LITERAL_NULL_CONVERSION = YES;
				CLANG_WARN_OBJC_IMPLICIT_RETAIN_SELF = YES;
				CLANG_WARN_OBJC_LITERAL_CONVERSION = YES;
				CLANG_WARN_OBJC_ROOT_CLASS = YES_ERROR;
				CLANG_WARN_QUOTED_INCLUDE_IN_FRAMEWORK_HEADER = YES;
				CLANG_WARN_RANGE_LOOP_ANALYSIS = YES;
				CLANG_WARN_STRICT_PROTOTYPES = YES;
				CLANG_WARN_SUSPICIOUS_MOVE = YES;
				CLANG_WARN_UNGUARDED_AVAILABILITY = YES_AGGRESSIVE;
				CLANG_WARN_UNREACHABLE_CODE = YES;
				CLANG_WARN__DUPLICATE_METHOD_MATCH = YES;
				COPY_PHASE_STRIP = NO;
				DEBUG_INFORMATION_FORMAT = dwarf;
				ENABLE_STRICT_OBJC_MSGSEND = YES;
				ENABLE_TESTABILITY = YES;
				GCC_C_LANGUAGE_STANDARD = gnu11;
				GCC_DYNAMIC_NO_PIC = NO;
				GCC_NO_COMMON_BLOCKS = YES;
				GCC_OPTIMIZATION_LEVEL = 0;
				GCC_PREPROCESSOR_DEFINITIONS = (
					"DEBUG=1",
					"$(inherited)",
				);
				GCC_WARN_64_TO_32_BIT_CONVERSION = YES;
				GCC_WARN_ABOUT_RETURN_TYPE = YES_ERROR;
				GCC_WARN_UNDECLARED_SELECTOR = YES;
				GCC_WARN_UNINITIALIZED_AUTOS = YES_AGGRESSIVE;
				GCC_WARN_UNUSED_FUNCTION = YES;
				GCC_WARN_UNUSED_VARIABLE = YES;
				IPHONEOS_DEPLOYMENT_TARGET = 15.5;
				MTL_ENABLE_DEBUG_INFO = INCLUDE_SOURCE;
				MTL_FAST_MATH = YES;
				ONLY_ACTIVE_ARCH = YES;
				SDKROOT = iphoneos;
				SWIFT_ACTIVE_COMPILATION_CONDITIONS = DEBUG;
				SWIFT_OPTIMIZATION_LEVEL = "-Onone";
			};
			name = Debug;
		};
		C3677CE62886FFCC00D348E3 /* Release */ = {
			isa = XCBuildConfiguration;
			buildSettings = {
				ALWAYS_SEARCH_USER_PATHS = NO;
				CLANG_ANALYZER_NONNULL = YES;
				CLANG_ANALYZER_NUMBER_OBJECT_CONVERSION = YES_AGGRESSIVE;
				CLANG_CXX_LANGUAGE_STANDARD = "gnu++17";
				CLANG_ENABLE_MODULES = YES;
				CLANG_ENABLE_OBJC_ARC = YES;
				CLANG_ENABLE_OBJC_WEAK = YES;
				CLANG_WARN_BLOCK_CAPTURE_AUTORELEASING = YES;
				CLANG_WARN_BOOL_CONVERSION = YES;
				CLANG_WARN_COMMA = YES;
				CLANG_WARN_CONSTANT_CONVERSION = YES;
				CLANG_WARN_DEPRECATED_OBJC_IMPLEMENTATIONS = YES;
				CLANG_WARN_DIRECT_OBJC_ISA_USAGE = YES_ERROR;
				CLANG_WARN_DOCUMENTATION_COMMENTS = YES;
				CLANG_WARN_EMPTY_BODY = YES;
				CLANG_WARN_ENUM_CONVERSION = YES;
				CLANG_WARN_INFINITE_RECURSION = YES;
				CLANG_WARN_INT_CONVERSION = YES;
				CLANG_WARN_NON_LITERAL_NULL_CONVERSION = YES;
				CLANG_WARN_OBJC_IMPLICIT_RETAIN_SELF = YES;
				CLANG_WARN_OBJC_LITERAL_CONVERSION = YES;
				CLANG_WARN_OBJC_ROOT_CLASS = YES_ERROR;
				CLANG_WARN_QUOTED_INCLUDE_IN_FRAMEWORK_HEADER = YES;
				CLANG_WARN_RANGE_LOOP_ANALYSIS = YES;
				CLANG_WARN_STRICT_PROTOTYPES = YES;
				CLANG_WARN_SUSPICIOUS_MOVE = YES;
				CLANG_WARN_UNGUARDED_AVAILABILITY = YES_AGGRESSIVE;
				CLANG_WARN_UNREACHABLE_CODE = YES;
				CLANG_WARN__DUPLICATE_METHOD_MATCH = YES;
				COPY_PHASE_STRIP = NO;
				DEBUG_INFORMATION_FORMAT = "dwarf-with-dsym";
				ENABLE_NS_ASSERTIONS = NO;
				ENABLE_STRICT_OBJC_MSGSEND = YES;
				GCC_C_LANGUAGE_STANDARD = gnu11;
				GCC_NO_COMMON_BLOCKS = YES;
				GCC_WARN_64_TO_32_BIT_CONVERSION = YES;
				GCC_WARN_ABOUT_RETURN_TYPE = YES_ERROR;
				GCC_WARN_UNDECLARED_SELECTOR = YES;
				GCC_WARN_UNINITIALIZED_AUTOS = YES_AGGRESSIVE;
				GCC_WARN_UNUSED_FUNCTION = YES;
				GCC_WARN_UNUSED_VARIABLE = YES;
				IPHONEOS_DEPLOYMENT_TARGET = 15.5;
				MTL_ENABLE_DEBUG_INFO = NO;
				MTL_FAST_MATH = YES;
				SDKROOT = iphoneos;
				SWIFT_COMPILATION_MODE = wholemodule;
				SWIFT_OPTIMIZATION_LEVEL = "-O";
				VALIDATE_PRODUCT = YES;
			};
			name = Release;
		};
		C3677CE82886FFCC00D348E3 /* Debug */ = {
			isa = XCBuildConfiguration;
			buildSettings = {
				ASSETCATALOG_COMPILER_APPICON_NAME = AppIcon;
				ASSETCATALOG_COMPILER_GLOBAL_ACCENT_COLOR_NAME = AccentColor;
				CODE_SIGN_STYLE = Automatic;
				CURRENT_PROJECT_VERSION = 1;
				DEVELOPMENT_TEAM = 48S4T8HCYX;
				GENERATE_INFOPLIST_FILE = YES;
				INFOPLIST_FILE = SearchMedia/Info.plist;
				INFOPLIST_KEY_UIApplicationSupportsIndirectInputEvents = YES;
				INFOPLIST_KEY_UILaunchStoryboardName = LaunchScreen;
				INFOPLIST_KEY_UIMainStoryboardFile = Main;
				INFOPLIST_KEY_UISupportedInterfaceOrientations = UIInterfaceOrientationPortrait;
				INFOPLIST_KEY_UISupportedInterfaceOrientations_iPad = "UIInterfaceOrientationPortrait UIInterfaceOrientationPortraitUpsideDown UIInterfaceOrientationLandscapeLeft UIInterfaceOrientationLandscapeRight";
				INFOPLIST_KEY_UISupportedInterfaceOrientations_iPhone = "UIInterfaceOrientationPortrait UIInterfaceOrientationLandscapeLeft UIInterfaceOrientationLandscapeRight";
				LD_RUNPATH_SEARCH_PATHS = (
					"$(inherited)",
					"@executable_path/Frameworks",
				);
				MARKETING_VERSION = 1.0;
				PRODUCT_BUNDLE_IDENTIFIER = com.jun.SearchMedia;
				PRODUCT_NAME = "$(TARGET_NAME)";
				SWIFT_EMIT_LOC_STRINGS = YES;
				SWIFT_VERSION = 5.0;
				TARGETED_DEVICE_FAMILY = 1;
			};
			name = Debug;
		};
		C3677CE92886FFCC00D348E3 /* Release */ = {
			isa = XCBuildConfiguration;
			buildSettings = {
				ASSETCATALOG_COMPILER_APPICON_NAME = AppIcon;
				ASSETCATALOG_COMPILER_GLOBAL_ACCENT_COLOR_NAME = AccentColor;
				CODE_SIGN_STYLE = Automatic;
				CURRENT_PROJECT_VERSION = 1;
				DEVELOPMENT_TEAM = 48S4T8HCYX;
				GENERATE_INFOPLIST_FILE = YES;
				INFOPLIST_FILE = SearchMedia/Info.plist;
				INFOPLIST_KEY_UIApplicationSupportsIndirectInputEvents = YES;
				INFOPLIST_KEY_UILaunchStoryboardName = LaunchScreen;
				INFOPLIST_KEY_UIMainStoryboardFile = Main;
				INFOPLIST_KEY_UISupportedInterfaceOrientations = UIInterfaceOrientationPortrait;
				INFOPLIST_KEY_UISupportedInterfaceOrientations_iPad = "UIInterfaceOrientationPortrait UIInterfaceOrientationPortraitUpsideDown UIInterfaceOrientationLandscapeLeft UIInterfaceOrientationLandscapeRight";
				INFOPLIST_KEY_UISupportedInterfaceOrientations_iPhone = "UIInterfaceOrientationPortrait UIInterfaceOrientationLandscapeLeft UIInterfaceOrientationLandscapeRight";
				LD_RUNPATH_SEARCH_PATHS = (
					"$(inherited)",
					"@executable_path/Frameworks",
				);
				MARKETING_VERSION = 1.0;
				PRODUCT_BUNDLE_IDENTIFIER = com.jun.SearchMedia;
				PRODUCT_NAME = "$(TARGET_NAME)";
				SWIFT_EMIT_LOC_STRINGS = YES;
				SWIFT_VERSION = 5.0;
				TARGETED_DEVICE_FAMILY = 1;
			};
			name = Release;
		};
/* End XCBuildConfiguration section */

/* Begin XCConfigurationList section */
		C3677CCE2886FFCB00D348E3 /* Build configuration list for PBXProject "SearchMedia" */ = {
			isa = XCConfigurationList;
			buildConfigurations = (
				C3677CE52886FFCC00D348E3 /* Debug */,
				C3677CE62886FFCC00D348E3 /* Release */,
			);
			defaultConfigurationIsVisible = 0;
			defaultConfigurationName = Release;
		};
		C3677CE72886FFCC00D348E3 /* Build configuration list for PBXNativeTarget "SearchMedia" */ = {
			isa = XCConfigurationList;
			buildConfigurations = (
				C3677CE82886FFCC00D348E3 /* Debug */,
				C3677CE92886FFCC00D348E3 /* Release */,
			);
			defaultConfigurationIsVisible = 0;
			defaultConfigurationName = Release;
		};
/* End XCConfigurationList section */
	};
	rootObject = C3677CCB2886FFCB00D348E3 /* Project object */;
}
